
Microsoft Visual Studio Solution File, Format Version 12.00
# Visual Studio Version 16
VisualStudioVersion = 16.0.32929.386
MinimumVisualStudioVersion = 10.0.40219.1
Project("{FAE04EC0-301F-11D3-BF4B-00C04F79EFBC}") = "BackEnd_Assignment2", "BackEnd_Assignment2\BackEnd_Assignment2.csproj", "{9375C946-37C3-4D5F-AD01-D819B11DCCDF}"
EndProject
Global
	GlobalSection(SolutionConfigurationPlatforms) = preSolution
		Debug|Any CPU = Debug|Any CPU
		Release|Any CPU = Release|Any CPU
	EndGlobalSection
	GlobalSection(ProjectConfigurationPlatforms) = postSolution
		{9375C946-37C3-4D5F-AD01-D819B11DCCDF}.Debug|Any CPU.ActiveCfg = Debug|Any CPU
		{9375C946-37C3-4D5F-AD01-D819B11DCCDF}.Debug|Any CPU.Build.0 = Debug|Any CPU
		{9375C946-37C3-4D5F-AD01-D819B11DCCDF}.Release|Any CPU.ActiveCfg = Release|Any CPU
		{9375C946-37C3-4D5F-AD01-D819B11DCCDF}.Release|Any CPU.Build.0 = Release|Any CPU
	EndGlobalSection
	GlobalSection(SolutionProperties) = preSolution
		HideSolutionNode = FALSE
	EndGlobalSection
	GlobalSection(ExtensibilityGlobals) = postSolution
		SolutionGuid = {70EC7928-56CB-4B17-A8F9-06334ECE3A8B}
	EndGlobalSection
EndGlobal
